
Microsoft Visual Studio Solution File, Format Version 12.00
Project("{FAE04EC0-301F-11D3-BF4B-00C04F79EFBC}") = "RazorFields", "src\RazorFields\RazorFields.csproj", "{59A0ED65-ABCC-4975-9D07-A2688DAB4315}"
EndProject
Project("{FAE04EC0-301F-11D3-BF4B-00C04F79EFBC}") = "RazorFields.Demo", "examples\RazorFields.Demo\RazorFields.Demo.csproj", "{A6082326-D8F3-4B1C-877A-E5878A2714EE}"
EndProject
Project("{FAE04EC0-301F-11D3-BF4B-00C04F79EFBC}") = "RazorFields.Api", "src\RazorFields.Api\RazorFields.Api.csproj", "{A9EFB3DC-CD5D-4298-ABFC-9660A30343E8}"
EndProject
Project("{FAE04EC0-301F-11D3-BF4B-00C04F79EFBC}") = "RazorFields.EntityFramework", "src\RazorFields.EntityFramework\RazorFields.EntityFramework.csproj", "{2AC33041-7A81-4C67-87B3-F1F6B64A9D00}"
EndProject
Project("{FAE04EC0-301F-11D3-BF4B-00C04F79EFBC}") = "RazorFields.Demo.Models", "examples\RazorFields.Demo.Models\RazorFields.Demo.Models.csproj", "{A0037A7B-3B0F-4CBF-86CC-230EF065F6A3}"
EndProject
Project("{2150E333-8FDC-42A3-9474-1A3956D46DE8}") = "src", "src", "{40CB277E-0175-4017-A46C-57680584E55E}"
EndProject
Project("{2150E333-8FDC-42A3-9474-1A3956D46DE8}") = "demo", "demo", "{B2792B93-58FD-4B1B-AE7F-93EC58C3905D}"
EndProject
Global
	GlobalSection(SolutionConfigurationPlatforms) = preSolution
		Debug|Any CPU = Debug|Any CPU
		Release|Any CPU = Release|Any CPU
	EndGlobalSection
	GlobalSection(ProjectConfigurationPlatforms) = postSolution
		{59A0ED65-ABCC-4975-9D07-A2688DAB4315}.Debug|Any CPU.ActiveCfg = Debug|Any CPU
		{59A0ED65-ABCC-4975-9D07-A2688DAB4315}.Debug|Any CPU.Build.0 = Debug|Any CPU
		{59A0ED65-ABCC-4975-9D07-A2688DAB4315}.Release|Any CPU.ActiveCfg = Release|Any CPU
		{59A0ED65-ABCC-4975-9D07-A2688DAB4315}.Release|Any CPU.Build.0 = Release|Any CPU
		{A6082326-D8F3-4B1C-877A-E5878A2714EE}.Debug|Any CPU.ActiveCfg = Debug|Any CPU
		{A6082326-D8F3-4B1C-877A-E5878A2714EE}.Debug|Any CPU.Build.0 = Debug|Any CPU
		{A6082326-D8F3-4B1C-877A-E5878A2714EE}.Release|Any CPU.ActiveCfg = Release|Any CPU
		{A6082326-D8F3-4B1C-877A-E5878A2714EE}.Release|Any CPU.Build.0 = Release|Any CPU
		{A9EFB3DC-CD5D-4298-ABFC-9660A30343E8}.Debug|Any CPU.ActiveCfg = Debug|Any CPU
		{A9EFB3DC-CD5D-4298-ABFC-9660A30343E8}.Debug|Any CPU.Build.0 = Debug|Any CPU
		{A9EFB3DC-CD5D-4298-ABFC-9660A30343E8}.Release|Any CPU.ActiveCfg = Release|Any CPU
		{A9EFB3DC-CD5D-4298-ABFC-9660A30343E8}.Release|Any CPU.Build.0 = Release|Any CPU
		{2AC33041-7A81-4C67-87B3-F1F6B64A9D00}.Debug|Any CPU.ActiveCfg = Debug|Any CPU
		{2AC33041-7A81-4C67-87B3-F1F6B64A9D00}.Debug|Any CPU.Build.0 = Debug|Any CPU
		{2AC33041-7A81-4C67-87B3-F1F6B64A9D00}.Release|Any CPU.ActiveCfg = Release|Any CPU
		{2AC33041-7A81-4C67-87B3-F1F6B64A9D00}.Release|Any CPU.Build.0 = Release|Any CPU
		{A0037A7B-3B0F-4CBF-86CC-230EF065F6A3}.Debug|Any CPU.ActiveCfg = Debug|Any CPU
		{A0037A7B-3B0F-4CBF-86CC-230EF065F6A3}.Debug|Any CPU.Build.0 = Debug|Any CPU
		{A0037A7B-3B0F-4CBF-86CC-230EF065F6A3}.Release|Any CPU.ActiveCfg = Release|Any CPU
		{A0037A7B-3B0F-4CBF-86CC-230EF065F6A3}.Release|Any CPU.Build.0 = Release|Any CPU
	EndGlobalSection
	GlobalSection(NestedProjects) = preSolution
		{59A0ED65-ABCC-4975-9D07-A2688DAB4315} = {40CB277E-0175-4017-A46C-57680584E55E}
		{A9EFB3DC-CD5D-4298-ABFC-9660A30343E8} = {40CB277E-0175-4017-A46C-57680584E55E}
		{2AC33041-7A81-4C67-87B3-F1F6B64A9D00} = {40CB277E-0175-4017-A46C-57680584E55E}
		{A6082326-D8F3-4B1C-877A-E5878A2714EE} = {B2792B93-58FD-4B1B-AE7F-93EC58C3905D}
		{A0037A7B-3B0F-4CBF-86CC-230EF065F6A3} = {B2792B93-58FD-4B1B-AE7F-93EC58C3905D}
	EndGlobalSection
EndGlobal
